
Microsoft Visual Studio Solution File, Format Version 12.00
# Visual Studio Version 17
VisualStudioVersion = 17.5.33530.505
MinimumVisualStudioVersion = 10.0.40219.1
Project("{FAE04EC0-301F-11D3-BF4B-00C04F79EFBC}") = "ToString", "ToString\ToString.csproj", "{22471A88-F2F2-47E8-9B57-23A4FAAEAF20}"
EndProject
Global
	GlobalSection(SolutionConfigurationPlatforms) = preSolution
		Debug|Any CPU = Debug|Any CPU
		Release|Any CPU = Release|Any CPU
	EndGlobalSection
	GlobalSection(ProjectConfigurationPlatforms) = postSolution
		{22471A88-F2F2-47E8-9B57-23A4FAAEAF20}.Debug|Any CPU.ActiveCfg = Debug|Any CPU
		{22471A88-F2F2-47E8-9B57-23A4FAAEAF20}.Debug|Any CPU.Build.0 = Debug|Any CPU
		{22471A88-F2F2-47E8-9B57-23A4FAAEAF20}.Release|Any CPU.ActiveCfg = Release|Any CPU
		{22471A88-F2F2-47E8-9B57-23A4FAAEAF20}.Release|Any CPU.Build.0 = Release|Any CPU
	EndGlobalSection
	GlobalSection(SolutionProperties) = preSolution
		HideSolutionNode = FALSE
	EndGlobalSection
	GlobalSection(ExtensibilityGlobals) = postSolution
		SolutionGuid = {B3F31091-FB0C-4182-A936-91F822DD8E88}
	EndGlobalSection
EndGlobal
